
Microsoft Visual Studio Solution File, Format Version 12.00
# Visual Studio Version 17
VisualStudioVersion = 17.4.33213.308
MinimumVisualStudioVersion = 10.0.40219.1
Project("{9A19103F-16F7-4668-BE54-9A1E7A4F7556}") = "WebApi", "WebApi\WebApi.csproj", "{193D8232-B7E6-442F-B846-F6B13C4671B9}"
EndProject
Project("{2150E333-8FDC-42A3-9474-1A3956D46DE8}") = "01.WebApi", "01.WebApi", "{8D04D5FC-7FC8-4699-847E-C03D7E84E84F}"
EndProject
Project("{2150E333-8FDC-42A3-9474-1A3956D46DE8}") = "02.Manager", "02.Manager", "{1368ABF4-F755-4DBC-A385-ABAE5AC4F2A5}"
EndProject
Project("{2150E333-8FDC-42A3-9474-1A3956D46DE8}") = "03.Core", "03.Core", "{32A9E1CA-2C73-4727-9975-01F0D3A71E5B}"
EndProject
Project("{2150E333-8FDC-42A3-9474-1A3956D46DE8}") = "04.Data", "04.Data", "{F978EE04-5E11-46FC-BFF9-FF88C36C206F}"
EndProject
Project("{9A19103F-16F7-4668-BE54-9A1E7A4F7556}") = "Manager", "Manager\Manager.csproj", "{0613AA5A-EB34-45D4-8ABB-1706399FBE04}"
EndProject
Project("{9A19103F-16F7-4668-BE54-9A1E7A4F7556}") = "Core", "Core\Core.csproj", "{9E2D76CF-295B-46F0-ACC2-C87922BBF7AD}"
EndProject
Project("{9A19103F-16F7-4668-BE54-9A1E7A4F7556}") = "Data", "Data\Data.csproj", "{B729666A-661B-4C16-8001-6C5848A8A246}"
EndProject
Global
	GlobalSection(SolutionConfigurationPlatforms) = preSolution
		Debug|Any CPU = Debug|Any CPU
		Release|Any CPU = Release|Any CPU
	EndGlobalSection
	GlobalSection(ProjectConfigurationPlatforms) = postSolution
		{193D8232-B7E6-442F-B846-F6B13C4671B9}.Debug|Any CPU.ActiveCfg = Debug|Any CPU
		{193D8232-B7E6-442F-B846-F6B13C4671B9}.Debug|Any CPU.Build.0 = Debug|Any CPU
		{193D8232-B7E6-442F-B846-F6B13C4671B9}.Release|Any CPU.ActiveCfg = Release|Any CPU
		{193D8232-B7E6-442F-B846-F6B13C4671B9}.Release|Any CPU.Build.0 = Release|Any CPU
		{0613AA5A-EB34-45D4-8ABB-1706399FBE04}.Debug|Any CPU.ActiveCfg = Debug|Any CPU
		{0613AA5A-EB34-45D4-8ABB-1706399FBE04}.Debug|Any CPU.Build.0 = Debug|Any CPU
		{0613AA5A-EB34-45D4-8ABB-1706399FBE04}.Release|Any CPU.ActiveCfg = Release|Any CPU
		{0613AA5A-EB34-45D4-8ABB-1706399FBE04}.Release|Any CPU.Build.0 = Release|Any CPU
		{9E2D76CF-295B-46F0-ACC2-C87922BBF7AD}.Debug|Any CPU.ActiveCfg = Debug|Any CPU
		{9E2D76CF-295B-46F0-ACC2-C87922BBF7AD}.Debug|Any CPU.Build.0 = Debug|Any CPU
		{9E2D76CF-295B-46F0-ACC2-C87922BBF7AD}.Release|Any CPU.ActiveCfg = Release|Any CPU
		{9E2D76CF-295B-46F0-ACC2-C87922BBF7AD}.Release|Any CPU.Build.0 = Release|Any CPU
		{B729666A-661B-4C16-8001-6C5848A8A246}.Debug|Any CPU.ActiveCfg = Debug|Any CPU
		{B729666A-661B-4C16-8001-6C5848A8A246}.Debug|Any CPU.Build.0 = Debug|Any CPU
		{B729666A-661B-4C16-8001-6C5848A8A246}.Release|Any CPU.ActiveCfg = Release|Any CPU
		{B729666A-661B-4C16-8001-6C5848A8A246}.Release|Any CPU.Build.0 = Release|Any CPU
	EndGlobalSection
	GlobalSection(SolutionProperties) = preSolution
		HideSolutionNode = FALSE
	EndGlobalSection
	GlobalSection(NestedProjects) = preSolution
		{193D8232-B7E6-442F-B846-F6B13C4671B9} = {8D04D5FC-7FC8-4699-847E-C03D7E84E84F}
		{0613AA5A-EB34-45D4-8ABB-1706399FBE04} = {1368ABF4-F755-4DBC-A385-ABAE5AC4F2A5}
		{9E2D76CF-295B-46F0-ACC2-C87922BBF7AD} = {32A9E1CA-2C73-4727-9975-01F0D3A71E5B}
		{B729666A-661B-4C16-8001-6C5848A8A246} = {F978EE04-5E11-46FC-BFF9-FF88C36C206F}
	EndGlobalSection
	GlobalSection(ExtensibilityGlobals) = postSolution
		SolutionGuid = {7FF276F4-67BA-4893-BF0F-493250EDF722}
	EndGlobalSection
EndGlobal
